{
    "name": "br.com.notificacao.app",
    "version": "1.0.0",
    "lockfileVersion": 1,
    "requires": true,
    "dependencies": {
        "cordova-plugin-splashscreen": {
            "version": "5.0.2",
            "resolved": "https://registry.npmjs.org/cordova-plugin-splashscreen/-/cordova-plugin-splashscreen-5.0.2.tgz",
            "integrity": "sha1-dH509W4gHNWFvGLRS8oZ9oZ/8e0="
        },
        "phonegap-plugin-push": {
            "version": "1.8.4",
            "resolved": "https://registry.npmjs.org/phonegap-plugin-push/-/phonegap-plugin-push-1.8.4.tgz",
            "integrity": "sha1-sGH+NaXrwvy+WWgYtladgdpmWqE="
        }
    }
}
